
Microsoft Visual Studio Solution File, Format Version 12.00
# Visual Studio Version 16
VisualStudioVersion = 16.0.31729.503
MinimumVisualStudioVersion = 10.0.40219.1
Project("{FAE04EC0-301F-11D3-BF4B-00C04F79EFBC}") = "RudeTime", "RudeTime.csproj", "{527C51E9-E17B-43FA-88C6-773B8454EC7B}"
EndProject
Global
	GlobalSection(SolutionConfigurationPlatforms) = preSolution
		Debug|Any CPU = Debug|Any CPU
		Release|Any CPU = Release|Any CPU
	EndGlobalSection
	GlobalSection(ProjectConfigurationPlatforms) = postSolution
		{527C51E9-E17B-43FA-88C6-773B8454EC7B}.Debug|Any CPU.ActiveCfg = Debug|Any CPU
		{527C51E9-E17B-43FA-88C6-773B8454EC7B}.Debug|Any CPU.Build.0 = Debug|Any CPU
		{527C51E9-E17B-43FA-88C6-773B8454EC7B}.Release|Any CPU.ActiveCfg = Release|Any CPU
		{527C51E9-E17B-43FA-88C6-773B8454EC7B}.Release|Any CPU.Build.0 = Release|Any CPU
	EndGlobalSection
	GlobalSection(SolutionProperties) = preSolution
		HideSolutionNode = FALSE
	EndGlobalSection
	GlobalSection(ExtensibilityGlobals) = postSolution
		SolutionGuid = {01AE9132-1CAD-4BD2-9D4E-ECB09416CE1F}
	EndGlobalSection
EndGlobal
